<?xml version="1.0" encoding="UTF-8" standalone="yes" ?>
<CodeBlocks_project_file>
	<FileVersion major="1" minor="6" />
	<Project>
		<Option title="TCP_Keylogger_x86" />
		<Option pch_mode="2" />
		<Option compiler="gnu_gcc_compiler_x86" />
		<Build>
			<Target title="default">
				<Option output="TCP_Keylogger_x86" prefix_auto="1" extension_auto="1" />
				<Option type="3" />
				<Option compiler="gnu_gcc_compiler_x86" />
				<Option createDefFile="1" />
				<Option createStaticLib="1" />
				<Compiler>
					<Add option="-O" />
					<Add option="-m32" />
				</Compiler>
				<Linker>
					<Add option="-s" />
					<Add option="-m32" />
					<Add option="-lws2_32" />
				</Linker>
			</Target>
		</Build>
		<Compiler>
			<Add option="-DBUILDING_DLL=1" />
		</Compiler>
		<Unit filename="dllmain.c">
			<Option compilerVar="CC" />
		</Unit>
		<Extensions>
			<code_completion />
			<envvars />
			<debugger />
		</Extensions>
	</Project>
</CodeBlocks_project_file>
